
Microsoft Visual Studio Solution File, Format Version 12.00
# Visual Studio Version 17
VisualStudioVersion = 17.9.34728.123
MinimumVisualStudioVersion = 10.0.40219.1
Project("{9A19103F-16F7-4668-BE54-9A1E7A4F7556}") = "api", "api\api.csproj", "{342B73A9-1245-40BF-97A4-C2829AA9BB8C}"
EndProject
Project("{FAE04EC0-301F-11D3-BF4B-00C04F79EFBC}") = "api.tests", "api.tests\api.tests.csproj", "{560465D1-F880-4922-97D2-3BF5D0BD8015}"
EndProject
Global
	GlobalSection(SolutionConfigurationPlatforms) = preSolution
		Debug|Any CPU = Debug|Any CPU
		Release|Any CPU = Release|Any CPU
	EndGlobalSection
	GlobalSection(ProjectConfigurationPlatforms) = postSolution
		{342B73A9-1245-40BF-97A4-C2829AA9BB8C}.Debug|Any CPU.ActiveCfg = Debug|Any CPU
		{342B73A9-1245-40BF-97A4-C2829AA9BB8C}.Debug|Any CPU.Build.0 = Debug|Any CPU
		{342B73A9-1245-40BF-97A4-C2829AA9BB8C}.Release|Any CPU.ActiveCfg = Release|Any CPU
		{342B73A9-1245-40BF-97A4-C2829AA9BB8C}.Release|Any CPU.Build.0 = Release|Any CPU
		{560465D1-F880-4922-97D2-3BF5D0BD8015}.Debug|Any CPU.ActiveCfg = Debug|Any CPU
		{560465D1-F880-4922-97D2-3BF5D0BD8015}.Debug|Any CPU.Build.0 = Debug|Any CPU
		{560465D1-F880-4922-97D2-3BF5D0BD8015}.Release|Any CPU.ActiveCfg = Release|Any CPU
		{560465D1-F880-4922-97D2-3BF5D0BD8015}.Release|Any CPU.Build.0 = Release|Any CPU
	EndGlobalSection
	GlobalSection(SolutionProperties) = preSolution
		HideSolutionNode = FALSE
	EndGlobalSection
	GlobalSection(ExtensibilityGlobals) = postSolution
		SolutionGuid = {48B3B861-6C10-4261-BAA3-3072DD623B6B}
	EndGlobalSection
EndGlobal
